{
  "name": "RECIPE-v1",
  "lockfileVersion": 3,
  "requires": true,
  "packages": {
    "": {
      "dependencies": {
        "bulma": "^0.9.4",
        "bulma-start": "^0.0.5"
      }
    },
    "node_modules/bulma": {
      "version": "0.9.4",
      "resolved": "https://registry.npmjs.org/bulma/-/bulma-0.9.4.tgz",
      "integrity": "sha512-86FlT5+1GrsgKbPLRRY7cGDg8fsJiP/jzTqXXVqiUZZ2aZT8uemEOHlU1CDU+TxklPEZ11HZNNWclRBBecP4CQ=="
    },
    "node_modules/bulma-start": {
      "version": "0.0.5",
      "resolved": "https://registry.npmjs.org/bulma-start/-/bulma-start-0.0.5.tgz",
      "integrity": "sha512-Sl8mdbmxa8eZJmvAfvUqQ1yptGG/kC+VvxixH3oWj1n87rpzFetotcrIs0mldD8t6Cby3Nv+hxA/2pkzDwkaBQ=="
    }
  }
}
